
Microsoft Visual Studio Solution File, Format Version 12.00
# Visual Studio 15
VisualStudioVersion = 15.0.28307.136
MinimumVisualStudioVersion = 10.0.40219.1
Project("{FAE04EC0-301F-11D3-BF4B-00C04F79EFBC}") = "BBMS", "BBMS\BBMS.csproj", "{6E0D8724-DC5D-4372-AA6C-C169E0D769E6}"
EndProject
Global
	GlobalSection(SolutionConfigurationPlatforms) = preSolution
		Debug|Any CPU = Debug|Any CPU
		Release|Any CPU = Release|Any CPU
	EndGlobalSection
	GlobalSection(ProjectConfigurationPlatforms) = postSolution
		{6E0D8724-DC5D-4372-AA6C-C169E0D769E6}.Debug|Any CPU.ActiveCfg = Debug|Any CPU
		{6E0D8724-DC5D-4372-AA6C-C169E0D769E6}.Debug|Any CPU.Build.0 = Debug|Any CPU
		{6E0D8724-DC5D-4372-AA6C-C169E0D769E6}.Release|Any CPU.ActiveCfg = Release|Any CPU
		{6E0D8724-DC5D-4372-AA6C-C169E0D769E6}.Release|Any CPU.Build.0 = Release|Any CPU
	EndGlobalSection
	GlobalSection(SolutionProperties) = preSolution
		HideSolutionNode = FALSE
	EndGlobalSection
	GlobalSection(ExtensibilityGlobals) = postSolution
		SolutionGuid = {C0A71EBE-1C2D-4C89-BA1C-2C074700DD8F}
	EndGlobalSection
EndGlobal
